{
  "name": "cctvSecuritIA",
  "lockfileVersion": 3,
  "requires": true,
  "packages": {
    "": {
      "dependencies": {
        "strands-agents": "^0.0.1"
      }
    },
    "node_modules/strands-agents": {
      "version": "0.0.1",
      "resolved": "https://registry.npmjs.org/strands-agents/-/strands-agents-0.0.1.tgz",
      "integrity": "sha512-d41hMcyy2Qj+caCceLZvPIVGqGKtLHUi6nLzLmNlt0RDEcJwa0l9AKUR2YrvtLO3jT1HCzcBZPKM3gffnoR+jA==",
      "license": "Apache-2.0"
    }
  }
}
